
Microsoft Visual Studio Solution File, Format Version 12.00
# Visual Studio Version 16
VisualStudioVersion = 16.0.30523.141
MinimumVisualStudioVersion = 10.0.40219.1
Project("{FAE04EC0-301F-11D3-BF4B-00C04F79EFBC}") = "InformesWPF", "InformesWPF\InformesWPF.csproj", "{EFFDA809-A635-4A06-97B1-581DC64FBD11}"
EndProject
Global
	GlobalSection(SolutionConfigurationPlatforms) = preSolution
		Debug|Any CPU = Debug|Any CPU
		Release|Any CPU = Release|Any CPU
	EndGlobalSection
	GlobalSection(ProjectConfigurationPlatforms) = postSolution
		{EFFDA809-A635-4A06-97B1-581DC64FBD11}.Debug|Any CPU.ActiveCfg = Debug|Any CPU
		{EFFDA809-A635-4A06-97B1-581DC64FBD11}.Debug|Any CPU.Build.0 = Debug|Any CPU
		{EFFDA809-A635-4A06-97B1-581DC64FBD11}.Release|Any CPU.ActiveCfg = Release|Any CPU
		{EFFDA809-A635-4A06-97B1-581DC64FBD11}.Release|Any CPU.Build.0 = Release|Any CPU
	EndGlobalSection
	GlobalSection(SolutionProperties) = preSolution
		HideSolutionNode = FALSE
	EndGlobalSection
	GlobalSection(ExtensibilityGlobals) = postSolution
		SolutionGuid = {79E105B7-816C-4F04-A868-234CDBAB058F}
	EndGlobalSection
EndGlobal
